
Microsoft Visual Studio Solution File, Format Version 12.00
Project("{FAE04EC0-301F-11D3-BF4B-00C04F79EFBC}") = "APBD_Tutorials", "APBD_Tutorials\APBD_Tutorials.csproj", "{468B3F66-E0BE-41C3-B34A-A27990F1BADD}"
EndProject
Project("{FAE04EC0-301F-11D3-BF4B-00C04F79EFBC}") = "Tutorial8", "Tutorial8\Tutorial8.csproj", "{8BE97511-7A0D-4471-AD70-3D17959E91D9}"
EndProject
Project("{FAE04EC0-301F-11D3-BF4B-00C04F79EFBC}") = "Tutorial9", "Tutorial9\Tutorial9.csproj", "{94800F4D-7902-425B-8D90-C81D6DE7AEDD}"
EndProject
Project("{FAE04EC0-301F-11D3-BF4B-00C04F79EFBC}") = "Tutorial6", "Tutorial6\Tutorial6.csproj", "{5D945A4C-7F1E-45A5-BE9F-B0153FFB295A}"
EndProject
Project("{FAE04EC0-301F-11D3-BF4B-00C04F79EFBC}") = "Tutorial4", "Tutorial4\Tutorial4.csproj", "{21AF326A-E14F-43E7-BAC0-4D80FCE565D3}"
EndProject
Project("{FAE04EC0-301F-11D3-BF4B-00C04F79EFBC}") = "Tutorial4Tests", "Tutorial4Tests\Tutorial4Tests.csproj", "{F32FF487-4EF3-432A-A5F1-D99C10F68C90}"
EndProject
Project("{FAE04EC0-301F-11D3-BF4B-00C04F79EFBC}") = "Tutorial1", "Tutorial1\Tutorial1.csproj", "{5E5047E6-68B6-46C2-813A-716B27B78ECA}"
EndProject
Project("{FAE04EC0-301F-11D3-BF4B-00C04F79EFBC}") = "Tutorial3", "Tutorial3\Tutorial3.csproj", "{011C7AA8-47D3-49C1-9C47-4DCF7AA473CA}"
EndProject
Global
	GlobalSection(SolutionConfigurationPlatforms) = preSolution
		Debug|Any CPU = Debug|Any CPU
		Release|Any CPU = Release|Any CPU
	EndGlobalSection
	GlobalSection(ProjectConfigurationPlatforms) = postSolution
		{468B3F66-E0BE-41C3-B34A-A27990F1BADD}.Debug|Any CPU.ActiveCfg = Debug|Any CPU
		{468B3F66-E0BE-41C3-B34A-A27990F1BADD}.Debug|Any CPU.Build.0 = Debug|Any CPU
		{468B3F66-E0BE-41C3-B34A-A27990F1BADD}.Release|Any CPU.ActiveCfg = Release|Any CPU
		{468B3F66-E0BE-41C3-B34A-A27990F1BADD}.Release|Any CPU.Build.0 = Release|Any CPU
		{8BE97511-7A0D-4471-AD70-3D17959E91D9}.Debug|Any CPU.ActiveCfg = Debug|Any CPU
		{8BE97511-7A0D-4471-AD70-3D17959E91D9}.Debug|Any CPU.Build.0 = Debug|Any CPU
		{8BE97511-7A0D-4471-AD70-3D17959E91D9}.Release|Any CPU.ActiveCfg = Release|Any CPU
		{8BE97511-7A0D-4471-AD70-3D17959E91D9}.Release|Any CPU.Build.0 = Release|Any CPU
		{94800F4D-7902-425B-8D90-C81D6DE7AEDD}.Debug|Any CPU.ActiveCfg = Debug|Any CPU
		{94800F4D-7902-425B-8D90-C81D6DE7AEDD}.Debug|Any CPU.Build.0 = Debug|Any CPU
		{94800F4D-7902-425B-8D90-C81D6DE7AEDD}.Release|Any CPU.ActiveCfg = Release|Any CPU
		{94800F4D-7902-425B-8D90-C81D6DE7AEDD}.Release|Any CPU.Build.0 = Release|Any CPU
		{5D945A4C-7F1E-45A5-BE9F-B0153FFB295A}.Debug|Any CPU.ActiveCfg = Debug|Any CPU
		{5D945A4C-7F1E-45A5-BE9F-B0153FFB295A}.Debug|Any CPU.Build.0 = Debug|Any CPU
		{5D945A4C-7F1E-45A5-BE9F-B0153FFB295A}.Release|Any CPU.ActiveCfg = Release|Any CPU
		{5D945A4C-7F1E-45A5-BE9F-B0153FFB295A}.Release|Any CPU.Build.0 = Release|Any CPU
		{CE889E33-DDA0-48AD-A62D-A0700795C830}.Debug|Any CPU.ActiveCfg = Debug|Any CPU
		{CE889E33-DDA0-48AD-A62D-A0700795C830}.Debug|Any CPU.Build.0 = Debug|Any CPU
		{CE889E33-DDA0-48AD-A62D-A0700795C830}.Release|Any CPU.ActiveCfg = Release|Any CPU
		{CE889E33-DDA0-48AD-A62D-A0700795C830}.Release|Any CPU.Build.0 = Release|Any CPU
		{4F5E950C-23B0-4980-AC84-9EFC69FE7547}.Debug|Any CPU.ActiveCfg = Debug|Any CPU
		{4F5E950C-23B0-4980-AC84-9EFC69FE7547}.Debug|Any CPU.Build.0 = Debug|Any CPU
		{4F5E950C-23B0-4980-AC84-9EFC69FE7547}.Release|Any CPU.ActiveCfg = Release|Any CPU
		{4F5E950C-23B0-4980-AC84-9EFC69FE7547}.Release|Any CPU.Build.0 = Release|Any CPU
		{21AF326A-E14F-43E7-BAC0-4D80FCE565D3}.Debug|Any CPU.ActiveCfg = Debug|Any CPU
		{21AF326A-E14F-43E7-BAC0-4D80FCE565D3}.Debug|Any CPU.Build.0 = Debug|Any CPU
		{21AF326A-E14F-43E7-BAC0-4D80FCE565D3}.Release|Any CPU.ActiveCfg = Release|Any CPU
		{21AF326A-E14F-43E7-BAC0-4D80FCE565D3}.Release|Any CPU.Build.0 = Release|Any CPU
		{F32FF487-4EF3-432A-A5F1-D99C10F68C90}.Debug|Any CPU.ActiveCfg = Debug|Any CPU
		{F32FF487-4EF3-432A-A5F1-D99C10F68C90}.Debug|Any CPU.Build.0 = Debug|Any CPU
		{F32FF487-4EF3-432A-A5F1-D99C10F68C90}.Release|Any CPU.ActiveCfg = Release|Any CPU
		{F32FF487-4EF3-432A-A5F1-D99C10F68C90}.Release|Any CPU.Build.0 = Release|Any CPU
		{9E008225-67E1-4C10-8AAC-9F897B12A345}.Debug|Any CPU.ActiveCfg = Debug|Any CPU
		{9E008225-67E1-4C10-8AAC-9F897B12A345}.Debug|Any CPU.Build.0 = Debug|Any CPU
		{9E008225-67E1-4C10-8AAC-9F897B12A345}.Release|Any CPU.ActiveCfg = Release|Any CPU
		{9E008225-67E1-4C10-8AAC-9F897B12A345}.Release|Any CPU.Build.0 = Release|Any CPU
		{5E5047E6-68B6-46C2-813A-716B27B78ECA}.Debug|Any CPU.ActiveCfg = Debug|Any CPU
		{5E5047E6-68B6-46C2-813A-716B27B78ECA}.Debug|Any CPU.Build.0 = Debug|Any CPU
		{5E5047E6-68B6-46C2-813A-716B27B78ECA}.Release|Any CPU.ActiveCfg = Release|Any CPU
		{5E5047E6-68B6-46C2-813A-716B27B78ECA}.Release|Any CPU.Build.0 = Release|Any CPU
		{011C7AA8-47D3-49C1-9C47-4DCF7AA473CA}.Debug|Any CPU.ActiveCfg = Debug|Any CPU
		{011C7AA8-47D3-49C1-9C47-4DCF7AA473CA}.Debug|Any CPU.Build.0 = Debug|Any CPU
		{011C7AA8-47D3-49C1-9C47-4DCF7AA473CA}.Release|Any CPU.ActiveCfg = Release|Any CPU
		{011C7AA8-47D3-49C1-9C47-4DCF7AA473CA}.Release|Any CPU.Build.0 = Release|Any CPU
	EndGlobalSection
EndGlobal
